
Microsoft Visual Studio Solution File, Format Version 12.00
# Visual Studio Version 17
VisualStudioVersion = 17.1.32407.343
MinimumVisualStudioVersion = 10.0.40219.1
Project("{FAE04EC0-301F-11D3-BF4B-00C04F79EFBC}") = "Exec_DeclareString", "Exec_DeclareString.csproj", "{754CB0F3-3516-4F3E-A602-2C1C4DC3CAE0}"
EndProject
Global
	GlobalSection(SolutionConfigurationPlatforms) = preSolution
		Debug|Any CPU = Debug|Any CPU
		Release|Any CPU = Release|Any CPU
	EndGlobalSection
	GlobalSection(ProjectConfigurationPlatforms) = postSolution
		{754CB0F3-3516-4F3E-A602-2C1C4DC3CAE0}.Debug|Any CPU.ActiveCfg = Debug|Any CPU
		{754CB0F3-3516-4F3E-A602-2C1C4DC3CAE0}.Debug|Any CPU.Build.0 = Debug|Any CPU
		{754CB0F3-3516-4F3E-A602-2C1C4DC3CAE0}.Release|Any CPU.ActiveCfg = Release|Any CPU
		{754CB0F3-3516-4F3E-A602-2C1C4DC3CAE0}.Release|Any CPU.Build.0 = Release|Any CPU
	EndGlobalSection
	GlobalSection(SolutionProperties) = preSolution
		HideSolutionNode = FALSE
	EndGlobalSection
	GlobalSection(ExtensibilityGlobals) = postSolution
		SolutionGuid = {FE8EAB83-0DB7-4FB3-BB1F-DBE090DF37F2}
	EndGlobalSection
EndGlobal
